
Microsoft Visual Studio Solution File, Format Version 10.00
# Visual Studio 2008
Project("{8BC9CEB8-8B4A-11D0-8D11-00A0C91BC942}") = "task_6", "task_6\task_6.vcproj", "{30335036-6D71-4CCE-9002-E22DE4F45155}"
EndProject
Global
	GlobalSection(SolutionConfigurationPlatforms) = preSolution
		Debug|Win32 = Debug|Win32
		Release|Win32 = Release|Win32
	EndGlobalSection
	GlobalSection(ProjectConfigurationPlatforms) = postSolution
		{30335036-6D71-4CCE-9002-E22DE4F45155}.Debug|Win32.ActiveCfg = Debug|Win32
		{30335036-6D71-4CCE-9002-E22DE4F45155}.Debug|Win32.Build.0 = Debug|Win32
		{30335036-6D71-4CCE-9002-E22DE4F45155}.Release|Win32.ActiveCfg = Release|Win32
		{30335036-6D71-4CCE-9002-E22DE4F45155}.Release|Win32.Build.0 = Release|Win32
	EndGlobalSection
	GlobalSection(SolutionProperties) = preSolution
		HideSolutionNode = FALSE
	EndGlobalSection
EndGlobal
